// !$*UTF8*$!
{
	archiveVersion = 1;
	classes = {
	};
	objectVersion = 46;
	objects = {

/* Begin PBXBuildFile section */
		59770A011F38E9AC00C92A0E /* main.m in Sources */ = {isa = PBXBuildFile; fileRef = 59770A001F38E9AC00C92A0E /* main.m */; };
		59770A041F38E9AC00C92A0E /* AppDelegate.m in Sources */ = {isa = PBXBuildFile; fileRef = 59770A031F38E9AC00C92A0E /* AppDelegate.m */; };
		59770A071F38E9AC00C92A0E /* ViewController.m in Sources */ = {isa = PBXBuildFile; fileRef = 59770A061F38E9AC00C92A0E /* ViewController.m */; };
		59770A0A1F38E9AC00C92A0E /* Main.storyboard in Resources */ = {isa = PBXBuildFile; fileRef = 59770A081F38E9AC00C92A0E /* Main.storyboard */; };
		59770A0C1F38E9AC00C92A0E /* Assets.xcassets in Resources */ = {isa = PBXBuildFile; fileRef = 59770A0B1F38E9AC00C92A0E /* Assets.xcassets */; };
		59770A0F1F38E9AC00C92A0E /* LaunchScreen.storyboard in Resources */ = {isa = PBXBuildFile; fileRef = 59770A0D1F38E9AC00C92A0E /* LaunchScreen.storyboard */; };
		59770A1A1F38E9AD00C92A0E /* ScrollViewImageGalleryTests.m in Sources */ = {isa = PBXBuildFile; fileRef = 59770A191F38E9AD00C92A0E /* ScrollViewImageGalleryTests.m */; };
		59770A261F3972B800C92A0E /* ImageDetailViewController.m in Sources */ = {isa = PBXBuildFile; fileRef = 59770A251F3972B800C92A0E /* ImageDetailViewController.m */; };
/* End PBXBuildFile section */

/* Begin PBXContainerItemProxy section */
		59770A161F38E9AD00C92A0E /* PBXContainerItemProxy */ = {
			isa = PBXContainerItemProxy;
			containerPortal = 597709F41F38E9AC00C92A0E /* Project object */;
			proxyType = 1;
			remoteGlobalIDString = 597709FB1F38E9AC00C92A0E;
			remoteInfo = ScrollViewImageGallery;
		};
/* End PBXContainerItemProxy section */

/* Begin PBXFileReference section */
		597709FC1F38E9AC00C92A0E /* ScrollViewImageGallery.app */ = {isa = PBXFileReference; explicitFileType = wrapper.application; includeInIndex = 0; path = ScrollViewImageGallery.app; sourceTree = BUILT_PRODUCTS_DIR; };
		59770A001F38E9AC00C92A0E /* main.m */ = {isa = PBXFileReference; lastKnownFileType = sourcecode.c.objc; path = main.m; sourceTree = "<group>"; };
		59770A021F38E9AC00C92A0E /* AppDelegate.h */ = {isa = PBXFileReference; lastKnownFileType = sourcecode.c.h; path = AppDelegate.h; sourceTree = "<group>"; };
		59770A031F38E9AC00C92A0E /* AppDelegate.m */ = {isa = PBXFileReference; lastKnownFileType = sourcecode.c.objc; path = AppDelegate.m; sourceTree = "<group>"; };
		59770A051F38E9AC00C92A0E /* ViewController.h */ = {isa = PBXFileReference; lastKnownFileType = sourcecode.c.h; path = ViewController.h; sourceTree = "<group>"; };
		59770A061F38E9AC00C92A0E /* ViewController.m */ = {isa = PBXFileReference; lastKnownFileType = sourcecode.c.objc; path = ViewController.m; sourceTree = "<group>"; };
		59770A091F38E9AC00C92A0E /* Base */ = {isa = PBXFileReference; lastKnownFileType = file.storyboard; name = Base; path = Base.lproj/Main.storyboard; sourceTree = "<group>"; };
		59770A0B1F38E9AC00C92A0E /* Assets.xcassets */ = {isa = PBXFileReference; lastKnownFileType = folder.assetcatalog; path = Assets.xcassets; sourceTree = "<group>"; };
		59770A0E1F38E9AC00C92A0E /* Base */ = {isa = PBXFileReference; lastKnownFileType = file.storyboard; name = Base; path = Base.lproj/LaunchScreen.storyboard; sourceTree = "<group>"; };
		59770A101F38E9AC00C92A0E /* Info.plist */ = {isa = PBXFileReference; lastKnownFileType = text.plist.xml; path = Info.plist; sourceTree = "<group>"; };
		59770A151F38E9AD00C92A0E /* ScrollViewImageGalleryTests.xctest */ = {isa = PBXFileReference; explicitFileType = wrapper.cfbundle; includeInIndex = 0; path = ScrollViewImageGalleryTests.xctest; sourceTree = BUILT_PRODUCTS_DIR; };
		59770A191F38E9AD00C92A0E /* ScrollViewImageGalleryTests.m */ = {isa = PBXFileReference; lastKnownFileType = sourcecode.c.objc; path = ScrollViewImageGalleryTests.m; sourceTree = "<group>"; };
		59770A1B1F38E9AD00C92A0E /* Info.plist */ = {isa = PBXFileReference; lastKnownFileType = text.plist.xml; path = Info.plist; sourceTree = "<group>"; };
		59770A241F3972B800C92A0E /* ImageDetailViewController.h */ = {isa = PBXFileReference; fileEncoding = 4; lastKnownFileType = sourcecode.c.h; path = ImageDetailViewController.h; sourceTree = "<group>"; };
		59770A251F3972B800C92A0E /* ImageDetailViewController.m */ = {isa = PBXFileReference; fileEncoding = 4; lastKnownFileType = sourcecode.c.objc; path = ImageDetailViewController.m; sourceTree = "<group>"; };
/* End PBXFileReference section */

/* Begin PBXFrameworksBuildPhase section */
		597709F91F38E9AC00C92A0E /* Frameworks */ = {
			isa = PBXFrameworksBuildPhase;
			buildActionMask = 2147483647;
			files = (
			);
			runOnlyForDeploymentPostprocessing = 0;
		};
		59770A121F38E9AD00C92A0E /* Frameworks */ = {
			isa = PBXFrameworksBuildPhase;
			buildActionMask = 2147483647;
			files = (
			);
			runOnlyForDeploymentPostprocessing = 0;
		};
/* End PBXFrameworksBuildPhase section */

/* Begin PBXGroup section */
		597709F31F38E9AC00C92A0E = {
			isa = PBXGroup;
			children = (
				597709FE1F38E9AC00C92A0E /* ScrollViewImageGallery */,
				59770A181F38E9AD00C92A0E /* ScrollViewImageGalleryTests */,
				597709FD1F38E9AC00C92A0E /* Products */,
			);
			sourceTree = "<group>";
		};
		597709FD1F38E9AC00C92A0E /* Products */ = {
			isa = PBXGroup;
			children = (
				597709FC1F38E9AC00C92A0E /* ScrollViewImageGallery.app */,
				59770A151F38E9AD00C92A0E /* ScrollViewImageGalleryTests.xctest */,
			);
			name = Products;
			sourceTree = "<group>";
		};
		597709FE1F38E9AC00C92A0E /* ScrollViewImageGallery */ = {
			isa = PBXGroup;
			children = (
				59770A021F38E9AC00C92A0E /* AppDelegate.h */,
				59770A031F38E9AC00C92A0E /* AppDelegate.m */,
				59770A051F38E9AC00C92A0E /* ViewController.h */,
				59770A061F38E9AC00C92A0E /* ViewController.m */,
				59770A081F38E9AC00C92A0E /* Main.storyboard */,
				59770A241F3972B800C92A0E /* ImageDetailViewController.h */,
				59770A251F3972B800C92A0E /* ImageDetailViewController.m */,
				59770A0B1F38E9AC00C92A0E /* Assets.xcassets */,
				59770A0D1F38E9AC00C92A0E /* LaunchScreen.storyboard */,
				59770A101F38E9AC00C92A0E /* Info.plist */,
				597709FF1F38E9AC00C92A0E /* Supporting Files */,
			);
			path = ScrollViewImageGallery;
			sourceTree = "<group>";
		};
		597709FF1F38E9AC00C92A0E /* Supporting Files */ = {
			isa = PBXGroup;
			children = (
				59770A001F38E9AC00C92A0E /* main.m */,
			);
			name = "Supporting Files";
			sourceTree = "<group>";
		};
		59770A181F38E9AD00C92A0E /* ScrollViewImageGalleryTests */ = {
			isa = PBXGroup;
			children = (
				59770A191F38E9AD00C92A0E /* ScrollViewImageGalleryTests.m */,
				59770A1B1F38E9AD00C92A0E /* Info.plist */,
			);
			path = ScrollViewImageGalleryTests;
			sourceTree = "<group>";
		};
/* End PBXGroup section */

/* Begin PBXNativeTarget section */
		597709FB1F38E9AC00C92A0E /* ScrollViewImageGallery */ = {
			isa = PBXNativeTarget;
			buildConfigurationList = 59770A1E1F38E9AD00C92A0E /* Build configuration list for PBXNativeTarget "ScrollViewImageGallery" */;
			buildPhases = (
				597709F81F38E9AC00C92A0E /* Sources */,
				597709F91F38E9AC00C92A0E /* Frameworks */,
				597709FA1F38E9AC00C92A0E /* Resources */,
			);
			buildRules = (
			);
			dependencies = (
			);
			name = ScrollViewImageGallery;
			productName = ScrollViewImageGallery;
			productReference = 597709FC1F38E9AC00C92A0E /* ScrollViewImageGallery.app */;
			productType = "com.apple.product-type.application";
		};
		59770A141F38E9AD00C92A0E /* ScrollViewImageGalleryTests */ = {
			isa = PBXNativeTarget;
			buildConfigurationList = 59770A211F38E9AD00C92A0E /* Build configuration list for PBXNativeTarget "ScrollViewImageGalleryTests" */;
			buildPhases = (
				59770A111F38E9AD00C92A0E /* Sources */,
				59770A121F38E9AD00C92A0E /* Frameworks */,
				59770A131F38E9AD00C92A0E /* Resources */,
			);
			buildRules = (
			);
			dependencies = (
				59770A171F38E9AD00C92A0E /* PBXTargetDependency */,
			);
			name = ScrollViewImageGalleryTests;
			productName = ScrollViewImageGalleryTests;
			productReference = 59770A151F38E9AD00C92A0E /* ScrollViewImageGalleryTests.xctest */;
			productType = "com.apple.product-type.bundle.unit-test";
		};
/* End PBXNativeTarget section */

/* Begin PBXProject section */
		597709F41F38E9AC00C92A0E /* Project object */ = {
			isa = PBXProject;
			attributes = {
				LastUpgradeCheck = 0830;
				ORGANIZATIONNAME = "Livleen Rai";
				TargetAttributes = {
					597709FB1F38E9AC00C92A0E = {
						CreatedOnToolsVersion = 8.3.3;
						ProvisioningStyle = Automatic;
					};
					59770A141F38E9AD00C92A0E = {
						CreatedOnToolsVersion = 8.3.3;
						ProvisioningStyle = Automatic;
						TestTargetID = 597709FB1F38E9AC00C92A0E;
					};
				};
			};
			buildConfigurationList = 597709F71F38E9AC00C92A0E /* Build configuration list for PBXProject "ScrollViewImageGallery" */;
			compatibilityVersion = "Xcode 3.2";
			developmentRegion = English;
			hasScannedForEncodings = 0;
			knownRegions = (
				en,
				Base,
			);
			mainGroup = 597709F31F38E9AC00C92A0E;
			productRefGroup = 597709FD1F38E9AC00C92A0E /* Products */;
			projectDirPath = "";
			projectRoot = "";
			targets = (
				597709FB1F38E9AC00C92A0E /* ScrollViewImageGallery */,
				59770A141F38E9AD00C92A0E /* ScrollViewImageGalleryTests */,
			);
		};
/* End PBXProject section */

/* Begin PBXResourcesBuildPhase section */
		597709FA1F38E9AC00C92A0E /* Resources */ = {
			isa = PBXResourcesBuildPhase;
			buildActionMask = 2147483647;
			files = (
				59770A0F1F38E9AC00C92A0E /* LaunchScreen.storyboard in Resources */,
				59770A0C1F38E9AC00C92A0E /* Assets.xcassets in Resources */,
				59770A0A1F38E9AC00C92A0E /* Main.storyboard in Resources */,
			);
			runOnlyForDeploymentPostprocessing = 0;
		};
		59770A131F38E9AD00C92A0E /* Resources */ = {
			isa = PBXResourcesBuildPhase;
			buildActionMask = 2147483647;
			files = (
			);
			runOnlyForDeploymentPostprocessing = 0;
		};
/* End PBXResourcesBuildPhase section */

/* Begin PBXSourcesBuildPhase section */
		597709F81F38E9AC00C92A0E /* Sources */ = {
			isa = PBXSourcesBuildPhase;
			buildActionMask = 2147483647;
			files = (
				59770A071F38E9AC00C92A0E /* ViewController.m in Sources */,
				59770A041F38E9AC00C92A0E /* AppDelegate.m in Sources */,
				59770A011F38E9AC00C92A0E /* main.m in Sources */,
				59770A261F3972B800C92A0E /* ImageDetailViewController.m in Sources */,
			);
			runOnlyForDeploymentPostprocessing = 0;
		};
		59770A111F38E9AD00C92A0E /* Sources */ = {
			isa = PBXSourcesBuildPhase;
			buildActionMask = 2147483647;
			files = (
				59770A1A1F38E9AD00C92A0E /* ScrollViewImageGalleryTests.m in Sources */,
			);
			runOnlyForDeploymentPostprocessing = 0;
		};
/* End PBXSourcesBuildPhase section */

/* Begin PBXTargetDependency section */
		59770A171F38E9AD00C92A0E /* PBXTargetDependency */ = {
			isa = PBXTargetDependency;
			target = 597709FB1F38E9AC00C92A0E /* ScrollViewImageGallery */;
			targetProxy = 59770A161F38E9AD00C92A0E /* PBXContainerItemProxy */;
		};
/* End PBXTargetDependency section */

/* Begin PBXVariantGroup section */
		59770A081F38E9AC00C92A0E /* Main.storyboard */ = {
			isa = PBXVariantGroup;
			children = (
				59770A091F38E9AC00C92A0E /* Base */,
			);
			name = Main.storyboard;
			sourceTree = "<group>";
		};
		59770A0D1F38E9AC00C92A0E /* LaunchScreen.storyboard */ = {
			isa = PBXVariantGroup;
			children = (
				59770A0E1F38E9AC00C92A0E /* Base */,
			);
			name = LaunchScreen.storyboard;
			sourceTree = "<group>";
		};
/* End PBXVariantGroup section */

/* Begin XCBuildConfiguration section */
		59770A1C1F38E9AD00C92A0E /* Debug */ = {
			isa = XCBuildConfiguration;
			buildSettings = {
				ALWAYS_SEARCH_USER_PATHS = NO;
				CLANG_ANALYZER_NONNULL = YES;
				CLANG_ANALYZER_NUMBER_OBJECT_CONVERSION = YES_AGGRESSIVE;
				CLANG_CXX_LANGUAGE_STANDARD = "gnu++0x";
				CLANG_CXX_LIBRARY = "libc++";
				CLANG_ENABLE_MODULES = YES;
				CLANG_ENABLE_OBJC_ARC = YES;
				CLANG_WARN_BOOL_CONVERSION = YES;
				CLANG_WARN_CONSTANT_CONVERSION = YES;
				CLANG_WARN_DIRECT_OBJC_ISA_USAGE = YES_ERROR;
				CLANG_WARN_DOCUMENTATION_COMMENTS = YES;
				CLANG_WARN_EMPTY_BODY = YES;
				CLANG_WARN_ENUM_CONVERSION = YES;
				CLANG_WARN_INFINITE_RECURSION = YES;
				CLANG_WARN_INT_CONVERSION = YES;
				CLANG_WARN_OBJC_ROOT_CLASS = YES_ERROR;
				CLANG_WARN_SUSPICIOUS_MOVE = YES;
				CLANG_WARN_UNREACHABLE_CODE = YES;
				CLANG_WARN__DUPLICATE_METHOD_MATCH = YES;
				"CODE_SIGN_IDENTITY[sdk=iphoneos*]" = "iPhone Developer";
				COPY_PHASE_STRIP = NO;
				DEBUG_INFORMATION_FORMAT = dwarf;
				ENABLE_STRICT_OBJC_MSGSEND = YES;
				ENABLE_TESTABILITY = YES;
				GCC_C_LANGUAGE_STANDARD = gnu99;
				GCC_DYNAMIC_NO_PIC = NO;
				GCC_NO_COMMON_BLOCKS = YES;
				GCC_OPTIMIZATION_LEVEL = 0;
				GCC_PREPROCESSOR_DEFINITIONS = (
					"DEBUG=1",
					"$(inherited)",
				);
				GCC_WARN_64_TO_32_BIT_CONVERSION = YES;
				GCC_WARN_ABOUT_RETURN_TYPE = YES_ERROR;
				GCC_WARN_UNDECLARED_SELECTOR = YES;
				GCC_WARN_UNINITIALIZED_AUTOS = YES_AGGRESSIVE;
				GCC_WARN_UNUSED_FUNCTION = YES;
				GCC_WARN_UNUSED_VARIABLE = YES;
				IPHONEOS_DEPLOYMENT_TARGET = 10.3;
				MTL_ENABLE_DEBUG_INFO = YES;
				ONLY_ACTIVE_ARCH = YES;
				SDKROOT = iphoneos;
			};
			name = Debug;
		};
		59770A1D1F38E9AD00C92A0E /* Release */ = {
			isa = XCBuildConfiguration;
			buildSettings = {
				ALWAYS_SEARCH_USER_PATHS = NO;
				CLANG_ANALYZER_NONNULL = YES;
				CLANG_ANALYZER_NUMBER_OBJECT_CONVERSION = YES_AGGRESSIVE;
				CLANG_CXX_LANGUAGE_STANDARD = "gnu++0x";
				CLANG_CXX_LIBRARY = "libc++";
				CLANG_ENABLE_MODULES = YES;
				CLANG_ENABLE_OBJC_ARC = YES;
				CLANG_WARN_BOOL_CONVERSION = YES;
				CLANG_WARN_CONSTANT_CONVERSION = YES;
				CLANG_WARN_DIRECT_OBJC_ISA_USAGE = YES_ERROR;
				CLANG_WARN_DOCUMENTATION_COMMENTS = YES;
				CLANG_WARN_EMPTY_BODY = YES;
				CLANG_WARN_ENUM_CONVERSION = YES;
				CLANG_WARN_INFINITE_RECURSION = YES;
				CLANG_WARN_INT_CONVERSION = YES;
				CLANG_WARN_OBJC_ROOT_CLASS = YES_ERROR;
				CLANG_WARN_SUSPICIOUS_MOVE = YES;
				CLANG_WARN_UNREACHABLE_CODE = YES;
				CLANG_WARN__DUPLICATE_METHOD_MATCH = YES;
				"CODE_SIGN_IDENTITY[sdk=iphoneos*]" = "iPhone Developer";
				COPY_PHASE_STRIP = NO;
				DEBUG_INFORMATION_FORMAT = "dwarf-with-dsym";
				ENABLE_NS_ASSERTIONS = NO;
				ENABLE_STRICT_OBJC_MSGSEND = YES;
				GCC_C_LANGUAGE_STANDARD = gnu99;
				GCC_NO_COMMON_BLOCKS = YES;
				GCC_WARN_64_TO_32_BIT_CONVERSION = YES;
				GCC_WARN_ABOUT_RETURN_TYPE = YES_ERROR;
				GCC_WARN_UNDECLARED_SELECTOR = YES;
				GCC_WARN_UNINITIALIZED_AUTOS = YES_AGGRESSIVE;
				GCC_WARN_UNUSED_FUNCTION = YES;
				GCC_WARN_UNUSED_VARIABLE = YES;
				IPHONEOS_DEPLOYMENT_TARGET = 10.3;
				MTL_ENABLE_DEBUG_INFO = NO;
				SDKROOT = iphoneos;
				VALIDATE_PRODUCT = YES;
			};
			name = Release;
		};
		59770A1F1F38E9AD00C92A0E /* Debug */ = {
			isa = XCBuildConfiguration;
			buildSettings = {
				ASSETCATALOG_COMPILER_APPICON_NAME = AppIcon;
				INFOPLIST_FILE = ScrollViewImageGallery/Info.plist;
				LD_RUNPATH_SEARCH_PATHS = "$(inherited) @executable_path/Frameworks";
				PRODUCT_BUNDLE_IDENTIFIER = com.varninderrai.ScrollViewImageGallery;
				PRODUCT_NAME = "$(TARGET_NAME)";
			};
			name = Debug;
		};
		59770A201F38E9AD00C92A0E /* Release */ = {
			isa = XCBuildConfiguration;
			buildSettings = {
				ASSETCATALOG_COMPILER_APPICON_NAME = AppIcon;
				INFOPLIST_FILE = ScrollViewImageGallery/Info.plist;
				LD_RUNPATH_SEARCH_PATHS = "$(inherited) @executable_path/Frameworks";
				PRODUCT_BUNDLE_IDENTIFIER = com.varninderrai.ScrollViewImageGallery;
				PRODUCT_NAME = "$(TARGET_NAME)";
			};
			name = Release;
		};
		59770A221F38E9AD00C92A0E /* Debug */ = {
			isa = XCBuildConfiguration;
			buildSettings = {
				BUNDLE_LOADER = "$(TEST_HOST)";
				INFOPLIST_FILE = ScrollViewImageGalleryTests/Info.plist;
				LD_RUNPATH_SEARCH_PATHS = "$(inherited) @executable_path/Frameworks @loader_path/Frameworks";
				PRODUCT_BUNDLE_IDENTIFIER = com.varninderrai.ScrollViewImageGalleryTests;
				PRODUCT_NAME = "$(TARGET_NAME)";
				TEST_HOST = "$(BUILT_PRODUCTS_DIR)/ScrollViewImageGallery.app/ScrollViewImageGallery";
			};
			name = Debug;
		};
		59770A231F38E9AD00C92A0E /* Release */ = {
			isa = XCBuildConfiguration;
			buildSettings = {
				BUNDLE_LOADER = "$(TEST_HOST)";
				INFOPLIST_FILE = ScrollViewImageGalleryTests/Info.plist;
				LD_RUNPATH_SEARCH_PATHS = "$(inherited) @executable_path/Frameworks @loader_path/Frameworks";
				PRODUCT_BUNDLE_IDENTIFIER = com.varninderrai.ScrollViewImageGalleryTests;
				PRODUCT_NAME = "$(TARGET_NAME)";
				TEST_HOST = "$(BUILT_PRODUCTS_DIR)/ScrollViewImageGallery.app/ScrollViewImageGallery";
			};
			name = Release;
		};
/* End XCBuildConfiguration section */

/* Begin XCConfigurationList section */
		597709F71F38E9AC00C92A0E /* Build configuration list for PBXProject "ScrollViewImageGallery" */ = {
			isa = XCConfigurationList;
			buildConfigurations = (
				59770A1C1F38E9AD00C92A0E /* Debug */,
				59770A1D1F38E9AD00C92A0E /* Release */,
			);
			defaultConfigurationIsVisible = 0;
			defaultConfigurationName = Release;
		};
		59770A1E1F38E9AD00C92A0E /* Build configuration list for PBXNativeTarget "ScrollViewImageGallery" */ = {
			isa = XCConfigurationList;
			buildConfigurations = (
				59770A1F1F38E9AD00C92A0E /* Debug */,
				59770A201F38E9AD00C92A0E /* Release */,
			);
			defaultConfigurationIsVisible = 0;
		};
		59770A211F38E9AD00C92A0E /* Build configuration list for PBXNativeTarget "ScrollViewImageGalleryTests" */ = {
			isa = XCConfigurationList;
			buildConfigurations = (
				59770A221F38E9AD00C92A0E /* Debug */,
				59770A231F38E9AD00C92A0E /* Release */,
			);
			defaultConfigurationIsVisible = 0;
		};
/* End XCConfigurationList section */
	};
	rootObject = 597709F41F38E9AC00C92A0E /* Project object */;
}
